// !$*UTF8*$!
{
	archiveVersion = 1;
	classes = {
	};
	objectVersion = 56;
	objects = {

/* Begin PBXBuildFile section */
		D99FD1402A498D0800C72A3D /* ContentView.swift in Sources */ = {isa = PBXBuildFile; fileRef = D99FD13C2A498D0800C72A3D /* ContentView.swift */; };
		D99FD1412A498D0800C72A3D /* Assets.xcassets in Resources */ = {isa = PBXBuildFile; fileRef = D99FD13D2A498D0800C72A3D /* Assets.xcassets */; };
		D99FD1422A498D0800C72A3D /* WidgetsExampleApp.swift in Sources */ = {isa = PBXBuildFile; fileRef = D99FD13E2A498D0800C72A3D /* WidgetsExampleApp.swift */; };
		D99FD1432A498D0800C72A3D /* Preview Content in Resources */ = {isa = PBXBuildFile; fileRef = D99FD13F2A498D0800C72A3D /* Preview Content */; };
		D99FD14B2A498D4C00C72A3D /* WidgetKit.framework in Frameworks */ = {isa = PBXBuildFile; fileRef = D99FD14A2A498D4C00C72A3D /* WidgetKit.framework */; };
		D99FD14D2A498D4C00C72A3D /* SwiftUI.framework in Frameworks */ = {isa = PBXBuildFile; fileRef = D99FD14C2A498D4C00C72A3D /* SwiftUI.framework */; };
		D99FD1502A498D4C00C72A3D /* WidgetsExtensionBundle.swift in Sources */ = {isa = PBXBuildFile; fileRef = D99FD14F2A498D4C00C72A3D /* WidgetsExtensionBundle.swift */; };
		D99FD1522A498D4C00C72A3D /* WidgetsExtension.swift in Sources */ = {isa = PBXBuildFile; fileRef = D99FD1512A498D4C00C72A3D /* WidgetsExtension.swift */; };
		D99FD1542A498D4D00C72A3D /* Assets.xcassets in Resources */ = {isa = PBXBuildFile; fileRef = D99FD1532A498D4D00C72A3D /* Assets.xcassets */; };
		D99FD1582A498D4D00C72A3D /* WidgetsExtensionExtension.appex in Embed Foundation Extensions */ = {isa = PBXBuildFile; fileRef = D99FD1482A498D4C00C72A3D /* WidgetsExtensionExtension.appex */; settings = {ATTRIBUTES = (RemoveHeadersOnCopy, ); }; };
		D99FD1612A49900700C72A3D /* AFramework.framework in Frameworks */ = {isa = PBXBuildFile; fileRef = D99FD15D2A498D8A00C72A3D /* AFramework.framework */; };
		D99FD1622A49900700C72A3D /* AFramework.framework in Embed Frameworks */ = {isa = PBXBuildFile; fileRef = D99FD15D2A498D8A00C72A3D /* AFramework.framework */; settings = {ATTRIBUTES = (CodeSignOnCopy, RemoveHeadersOnCopy, ); }; };
/* End PBXBuildFile section */

/* Begin PBXContainerItemProxy section */
		D99FD1562A498D4D00C72A3D /* PBXContainerItemProxy */ = {
			isa = PBXContainerItemProxy;
			containerPortal = D97565912A498B8700B69F76 /* Project object */;
			proxyType = 1;
			remoteGlobalIDString = D99FD1472A498D4C00C72A3D;
			remoteInfo = WidgetsExtensionExtension;
		};
/* End PBXContainerItemProxy section */

/* Begin PBXCopyFilesBuildPhase section */
		D99FD15C2A498D4D00C72A3D /* Embed Foundation Extensions */ = {
			isa = PBXCopyFilesBuildPhase;
			buildActionMask = 2147483647;
			dstPath = "";
			dstSubfolderSpec = 13;
			files = (
				D99FD1582A498D4D00C72A3D /* WidgetsExtensionExtension.appex in Embed Foundation Extensions */,
			);
			name = "Embed Foundation Extensions";
			runOnlyForDeploymentPostprocessing = 0;
		};
		D99FD1632A49900700C72A3D /* Embed Frameworks */ = {
			isa = PBXCopyFilesBuildPhase;
			buildActionMask = 2147483647;
			dstPath = "";
			dstSubfolderSpec = 10;
			files = (
				D99FD1622A49900700C72A3D /* AFramework.framework in Embed Frameworks */,
			);
			name = "Embed Frameworks";
			runOnlyForDeploymentPostprocessing = 0;
		};
/* End PBXCopyFilesBuildPhase section */

/* Begin PBXFileReference section */
		D97565992A498B8700B69F76 /* WidgetsExample.app */ = {isa = PBXFileReference; explicitFileType = wrapper.application; includeInIndex = 0; path = WidgetsExample.app; sourceTree = BUILT_PRODUCTS_DIR; };
		D99FD13C2A498D0800C72A3D /* ContentView.swift */ = {isa = PBXFileReference; fileEncoding = 4; lastKnownFileType = sourcecode.swift; path = ContentView.swift; sourceTree = "<group>"; };
		D99FD13D2A498D0800C72A3D /* Assets.xcassets */ = {isa = PBXFileReference; lastKnownFileType = folder.assetcatalog; path = Assets.xcassets; sourceTree = "<group>"; };
		D99FD13E2A498D0800C72A3D /* WidgetsExampleApp.swift */ = {isa = PBXFileReference; fileEncoding = 4; lastKnownFileType = sourcecode.swift; path = WidgetsExampleApp.swift; sourceTree = "<group>"; };
		D99FD13F2A498D0800C72A3D /* Preview Content */ = {isa = PBXFileReference; lastKnownFileType = folder; path = "Preview Content"; sourceTree = "<group>"; };
		D99FD1482A498D4C00C72A3D /* WidgetsExtensionExtension.appex */ = {isa = PBXFileReference; explicitFileType = "wrapper.app-extension"; includeInIndex = 0; path = WidgetsExtensionExtension.appex; sourceTree = BUILT_PRODUCTS_DIR; };
		D99FD14A2A498D4C00C72A3D /* WidgetKit.framework */ = {isa = PBXFileReference; lastKnownFileType = wrapper.framework; name = WidgetKit.framework; path = System/Library/Frameworks/WidgetKit.framework; sourceTree = SDKROOT; };
		D99FD14C2A498D4C00C72A3D /* SwiftUI.framework */ = {isa = PBXFileReference; lastKnownFileType = wrapper.framework; name = SwiftUI.framework; path = System/Library/Frameworks/SwiftUI.framework; sourceTree = SDKROOT; };
		D99FD14F2A498D4C00C72A3D /* WidgetsExtensionBundle.swift */ = {isa = PBXFileReference; lastKnownFileType = sourcecode.swift; path = WidgetsExtensionBundle.swift; sourceTree = "<group>"; };
		D99FD1512A498D4C00C72A3D /* WidgetsExtension.swift */ = {isa = PBXFileReference; lastKnownFileType = sourcecode.swift; path = WidgetsExtension.swift; sourceTree = "<group>"; };
		D99FD1532A498D4D00C72A3D /* Assets.xcassets */ = {isa = PBXFileReference; lastKnownFileType = folder.assetcatalog; path = Assets.xcassets; sourceTree = "<group>"; };
		D99FD1552A498D4D00C72A3D /* Info.plist */ = {isa = PBXFileReference; lastKnownFileType = text.plist.xml; path = Info.plist; sourceTree = "<group>"; };
		D99FD15D2A498D8A00C72A3D /* AFramework.framework */ = {isa = PBXFileReference; explicitFileType = wrapper.framework; path = AFramework.framework; sourceTree = BUILT_PRODUCTS_DIR; };
/* End PBXFileReference section */

/* Begin PBXFrameworksBuildPhase section */
		D97565962A498B8700B69F76 /* Frameworks */ = {
			isa = PBXFrameworksBuildPhase;
			buildActionMask = 2147483647;
			files = (
			);
			runOnlyForDeploymentPostprocessing = 0;
		};
		D99FD1452A498D4C00C72A3D /* Frameworks */ = {
			isa = PBXFrameworksBuildPhase;
			buildActionMask = 2147483647;
			files = (
				D99FD14D2A498D4C00C72A3D /* SwiftUI.framework in Frameworks */,
				D99FD1612A49900700C72A3D /* AFramework.framework in Frameworks */,
				D99FD14B2A498D4C00C72A3D /* WidgetKit.framework in Frameworks */,
			);
			runOnlyForDeploymentPostprocessing = 0;
		};
/* End PBXFrameworksBuildPhase section */

/* Begin PBXGroup section */
		D97565902A498B8700B69F76 = {
			isa = PBXGroup;
			children = (
				D99FD13B2A498CC900C72A3D /* WidgetsExample */,
				D99FD14E2A498D4C00C72A3D /* WidgetsExtension */,
				D99FD1492A498D4C00C72A3D /* Frameworks */,
				D975659A2A498B8700B69F76 /* Products */,
			);
			sourceTree = "<group>";
		};
		D975659A2A498B8700B69F76 /* Products */ = {
			isa = PBXGroup;
			children = (
				D97565992A498B8700B69F76 /* WidgetsExample.app */,
				D99FD1482A498D4C00C72A3D /* WidgetsExtensionExtension.appex */,
			);
			name = Products;
			sourceTree = "<group>";
		};
		D99FD13B2A498CC900C72A3D /* WidgetsExample */ = {
			isa = PBXGroup;
			children = (
				D99FD13D2A498D0800C72A3D /* Assets.xcassets */,
				D99FD13C2A498D0800C72A3D /* ContentView.swift */,
				D99FD13F2A498D0800C72A3D /* Preview Content */,
				D99FD13E2A498D0800C72A3D /* WidgetsExampleApp.swift */,
			);
			path = WidgetsExample;
			sourceTree = "<group>";
		};
		D99FD1492A498D4C00C72A3D /* Frameworks */ = {
			isa = PBXGroup;
			children = (
				D99FD15D2A498D8A00C72A3D /* AFramework.framework */,
				D99FD14A2A498D4C00C72A3D /* WidgetKit.framework */,
				D99FD14C2A498D4C00C72A3D /* SwiftUI.framework */,
			);
			name = Frameworks;
			sourceTree = "<group>";
		};
		D99FD14E2A498D4C00C72A3D /* WidgetsExtension */ = {
			isa = PBXGroup;
			children = (
				D99FD14F2A498D4C00C72A3D /* WidgetsExtensionBundle.swift */,
				D99FD1512A498D4C00C72A3D /* WidgetsExtension.swift */,
				D99FD1532A498D4D00C72A3D /* Assets.xcassets */,
				D99FD1552A498D4D00C72A3D /* Info.plist */,
			);
			path = WidgetsExtension;
			sourceTree = "<group>";
		};
/* End PBXGroup section */

/* Begin PBXNativeTarget section */
		D97565982A498B8700B69F76 /* WidgetsExample */ = {
			isa = PBXNativeTarget;
			buildConfigurationList = D97565A72A498B8800B69F76 /* Build configuration list for PBXNativeTarget "WidgetsExample" */;
			buildPhases = (
				D97565952A498B8700B69F76 /* Sources */,
				D97565962A498B8700B69F76 /* Frameworks */,
				D97565972A498B8700B69F76 /* Resources */,
				D99FD15C2A498D4D00C72A3D /* Embed Foundation Extensions */,
			);
			buildRules = (
			);
			dependencies = (
				D99FD1572A498D4D00C72A3D /* PBXTargetDependency */,
			);
			name = WidgetsExample;
			productName = WidgetsExample;
			productReference = D97565992A498B8700B69F76 /* WidgetsExample.app */;
			productType = "com.apple.product-type.application";
		};
		D99FD1472A498D4C00C72A3D /* WidgetsExtensionExtension */ = {
			isa = PBXNativeTarget;
			buildConfigurationList = D99FD1592A498D4D00C72A3D /* Build configuration list for PBXNativeTarget "WidgetsExtensionExtension" */;
			buildPhases = (
				D99FD1442A498D4C00C72A3D /* Sources */,
				D99FD1452A498D4C00C72A3D /* Frameworks */,
				D99FD1462A498D4C00C72A3D /* Resources */,
				D99FD1632A49900700C72A3D /* Embed Frameworks */,
			);
			buildRules = (
			);
			dependencies = (
			);
			name = WidgetsExtensionExtension;
			productName = WidgetsExtensionExtension;
			productReference = D99FD1482A498D4C00C72A3D /* WidgetsExtensionExtension.appex */;
			productType = "com.apple.product-type.app-extension";
		};
/* End PBXNativeTarget section */

/* Begin PBXProject section */
		D97565912A498B8700B69F76 /* Project object */ = {
			isa = PBXProject;
			attributes = {
				BuildIndependentTargetsInParallel = 1;
				LastSwiftUpdateCheck = 1420;
				LastUpgradeCheck = 1420;
				TargetAttributes = {
					D97565982A498B8700B69F76 = {
						CreatedOnToolsVersion = 14.2;
						LastSwiftMigration = 1420;
					};
					D99FD1472A498D4C00C72A3D = {
						CreatedOnToolsVersion = 14.2;
					};
				};
			};
			buildConfigurationList = D97565942A498B8700B69F76 /* Build configuration list for PBXProject "WidgetsExample" */;
			compatibilityVersion = "Xcode 14.0";
			developmentRegion = en;
			hasScannedForEncodings = 0;
			knownRegions = (
				en,
				Base,
			);
			mainGroup = D97565902A498B8700B69F76;
			productRefGroup = D975659A2A498B8700B69F76 /* Products */;
			projectDirPath = "";
			projectRoot = "";
			targets = (
				D97565982A498B8700B69F76 /* WidgetsExample */,
				D99FD1472A498D4C00C72A3D /* WidgetsExtensionExtension */,
			);
		};
/* End PBXProject section */

/* Begin PBXResourcesBuildPhase section */
		D97565972A498B8700B69F76 /* Resources */ = {
			isa = PBXResourcesBuildPhase;
			buildActionMask = 2147483647;
			files = (
				D99FD1432A498D0800C72A3D /* Preview Content in Resources */,
				D99FD1412A498D0800C72A3D /* Assets.xcassets in Resources */,
			);
			runOnlyForDeploymentPostprocessing = 0;
		};
		D99FD1462A498D4C00C72A3D /* Resources */ = {
			isa = PBXResourcesBuildPhase;
			buildActionMask = 2147483647;
			files = (
				D99FD1542A498D4D00C72A3D /* Assets.xcassets in Resources */,
			);
			runOnlyForDeploymentPostprocessing = 0;
		};
/* End PBXResourcesBuildPhase section */

/* Begin PBXSourcesBuildPhase section */
		D97565952A498B8700B69F76 /* Sources */ = {
			isa = PBXSourcesBuildPhase;
			buildActionMask = 2147483647;
			files = (
				D99FD1422A498D0800C72A3D /* WidgetsExampleApp.swift in Sources */,
				D99FD1402A498D0800C72A3D /* ContentView.swift in Sources */,
			);
			runOnlyForDeploymentPostprocessing = 0;
		};
		D99FD1442A498D4C00C72A3D /* Sources */ = {
			isa = PBXSourcesBuildPhase;
			buildActionMask = 2147483647;
			files = (
				D99FD1502A498D4C00C72A3D /* WidgetsExtensionBundle.swift in Sources */,
				D99FD1522A498D4C00C72A3D /* WidgetsExtension.swift in Sources */,
			);
			runOnlyForDeploymentPostprocessing = 0;
		};
/* End PBXSourcesBuildPhase section */

/* Begin PBXTargetDependency section */
		D99FD1572A498D4D00C72A3D /* PBXTargetDependency */ = {
			isa = PBXTargetDependency;
			target = D99FD1472A498D4C00C72A3D /* WidgetsExtensionExtension */;
			targetProxy = D99FD1562A498D4D00C72A3D /* PBXContainerItemProxy */;
		};
/* End PBXTargetDependency section */

/* Begin XCBuildConfiguration section */
		D97565A52A498B8800B69F76 /* Debug */ = {
			isa = XCBuildConfiguration;
			buildSettings = {
				ALWAYS_SEARCH_USER_PATHS = NO;
				CLANG_ANALYZER_NONNULL = YES;
				CLANG_ANALYZER_NUMBER_OBJECT_CONVERSION = YES_AGGRESSIVE;
				CLANG_CXX_LANGUAGE_STANDARD = "gnu++20";
				CLANG_ENABLE_MODULES = YES;
				CLANG_ENABLE_OBJC_ARC = YES;
				CLANG_ENABLE_OBJC_WEAK = YES;
				CLANG_WARN_BLOCK_CAPTURE_AUTORELEASING = YES;
				CLANG_WARN_BOOL_CONVERSION = YES;
				CLANG_WARN_COMMA = YES;
				CLANG_WARN_CONSTANT_CONVERSION = YES;
				CLANG_WARN_DEPRECATED_OBJC_IMPLEMENTATIONS = YES;
				CLANG_WARN_DIRECT_OBJC_ISA_USAGE = YES_ERROR;
				CLANG_WARN_DOCUMENTATION_COMMENTS = YES;
				CLANG_WARN_EMPTY_BODY = YES;
				CLANG_WARN_ENUM_CONVERSION = YES;
				CLANG_WARN_INFINITE_RECURSION = YES;
				CLANG_WARN_INT_CONVERSION = YES;
				CLANG_WARN_NON_LITERAL_NULL_CONVERSION = YES;
				CLANG_WARN_OBJC_IMPLICIT_RETAIN_SELF = YES;
				CLANG_WARN_OBJC_LITERAL_CONVERSION = YES;
				CLANG_WARN_OBJC_ROOT_CLASS = YES_ERROR;
				CLANG_WARN_QUOTED_INCLUDE_IN_FRAMEWORK_HEADER = YES;
				CLANG_WARN_RANGE_LOOP_ANALYSIS = YES;
				CLANG_WARN_STRICT_PROTOTYPES = YES;
				CLANG_WARN_SUSPICIOUS_MOVE = YES;
				CLANG_WARN_UNGUARDED_AVAILABILITY = YES_AGGRESSIVE;
				CLANG_WARN_UNREACHABLE_CODE = YES;
				CLANG_WARN__DUPLICATE_METHOD_MATCH = YES;
				COPY_PHASE_STRIP = NO;
				DEBUG_INFORMATION_FORMAT = dwarf;
				ENABLE_STRICT_OBJC_MSGSEND = YES;
				ENABLE_TESTABILITY = YES;
				GCC_C_LANGUAGE_STANDARD = gnu11;
				GCC_DYNAMIC_NO_PIC = NO;
				GCC_NO_COMMON_BLOCKS = YES;
				GCC_OPTIMIZATION_LEVEL = 0;
				GCC_PREPROCESSOR_DEFINITIONS = (
					"DEBUG=1",
					"$(inherited)",
				);
				GCC_WARN_64_TO_32_BIT_CONVERSION = YES;
				GCC_WARN_ABOUT_RETURN_TYPE = YES_ERROR;
				GCC_WARN_UNDECLARED_SELECTOR = YES;
				GCC_WARN_UNINITIALIZED_AUTOS = YES_AGGRESSIVE;
				GCC_WARN_UNUSED_FUNCTION = YES;
				GCC_WARN_UNUSED_VARIABLE = YES;
				IPHONEOS_DEPLOYMENT_TARGET = 16.2;
				MTL_ENABLE_DEBUG_INFO = INCLUDE_SOURCE;
				MTL_FAST_MATH = YES;
				ONLY_ACTIVE_ARCH = YES;
				SDKROOT = iphoneos;
				SWIFT_ACTIVE_COMPILATION_CONDITIONS = DEBUG;
				SWIFT_OPTIMIZATION_LEVEL = "-Onone";
			};
			name = Debug;
		};
		D97565A62A498B8800B69F76 /* Release */ = {
			isa = XCBuildConfiguration;
			buildSettings = {
				ALWAYS_SEARCH_USER_PATHS = NO;
				CLANG_ANALYZER_NONNULL = YES;
				CLANG_ANALYZER_NUMBER_OBJECT_CONVERSION = YES_AGGRESSIVE;
				CLANG_CXX_LANGUAGE_STANDARD = "gnu++20";
				CLANG_ENABLE_MODULES = YES;
				CLANG_ENABLE_OBJC_ARC = YES;
				CLANG_ENABLE_OBJC_WEAK = YES;
				CLANG_WARN_BLOCK_CAPTURE_AUTORELEASING = YES;
				CLANG_WARN_BOOL_CONVERSION = YES;
				CLANG_WARN_COMMA = YES;
				CLANG_WARN_CONSTANT_CONVERSION = YES;
				CLANG_WARN_DEPRECATED_OBJC_IMPLEMENTATIONS = YES;
				CLANG_WARN_DIRECT_OBJC_ISA_USAGE = YES_ERROR;
				CLANG_WARN_DOCUMENTATION_COMMENTS = YES;
				CLANG_WARN_EMPTY_BODY = YES;
				CLANG_WARN_ENUM_CONVERSION = YES;
				CLANG_WARN_INFINITE_RECURSION = YES;
				CLANG_WARN_INT_CONVERSION = YES;
				CLANG_WARN_NON_LITERAL_NULL_CONVERSION = YES;
				CLANG_WARN_OBJC_IMPLICIT_RETAIN_SELF = YES;
				CLANG_WARN_OBJC_LITERAL_CONVERSION = YES;
				CLANG_WARN_OBJC_ROOT_CLASS = YES_ERROR;
				CLANG_WARN_QUOTED_INCLUDE_IN_FRAMEWORK_HEADER = YES;
				CLANG_WARN_RANGE_LOOP_ANALYSIS = YES;
				CLANG_WARN_STRICT_PROTOTYPES = YES;
				CLANG_WARN_SUSPICIOUS_MOVE = YES;
				CLANG_WARN_UNGUARDED_AVAILABILITY = YES_AGGRESSIVE;
				CLANG_WARN_UNREACHABLE_CODE = YES;
				CLANG_WARN__DUPLICATE_METHOD_MATCH = YES;
				COPY_PHASE_STRIP = NO;
				DEBUG_INFORMATION_FORMAT = "dwarf-with-dsym";
				ENABLE_NS_ASSERTIONS = NO;
				ENABLE_STRICT_OBJC_MSGSEND = YES;
				GCC_C_LANGUAGE_STANDARD = gnu11;
				GCC_NO_COMMON_BLOCKS = YES;
				GCC_WARN_64_TO_32_BIT_CONVERSION = YES;
				GCC_WARN_ABOUT_RETURN_TYPE = YES_ERROR;
				GCC_WARN_UNDECLARED_SELECTOR = YES;
				GCC_WARN_UNINITIALIZED_AUTOS = YES_AGGRESSIVE;
				GCC_WARN_UNUSED_FUNCTION = YES;
				GCC_WARN_UNUSED_VARIABLE = YES;
				IPHONEOS_DEPLOYMENT_TARGET = 16.2;
				MTL_ENABLE_DEBUG_INFO = NO;
				MTL_FAST_MATH = YES;
				SDKROOT = iphoneos;
				SWIFT_COMPILATION_MODE = wholemodule;
				SWIFT_OPTIMIZATION_LEVEL = "-O";
				VALIDATE_PRODUCT = YES;
			};
			name = Release;
		};
		D97565A82A498B8800B69F76 /* Debug */ = {
			isa = XCBuildConfiguration;
			buildSettings = {
				ALWAYS_EMBED_SWIFT_STANDARD_LIBRARIES = YES;
				ASSETCATALOG_COMPILER_APPICON_NAME = AppIcon;
				ASSETCATALOG_COMPILER_GLOBAL_ACCENT_COLOR_NAME = AccentColor;
				CLANG_ENABLE_MODULES = YES;
				CODE_SIGN_STYLE = Automatic;
				CURRENT_PROJECT_VERSION = 1;
				DEVELOPMENT_ASSET_PATHS = "\"WidgetsExample/Preview Content\"";
				ENABLE_PREVIEWS = YES;
				GENERATE_INFOPLIST_FILE = YES;
				INFOPLIST_KEY_UIApplicationSceneManifest_Generation = YES;
				INFOPLIST_KEY_UIApplicationSupportsIndirectInputEvents = YES;
				INFOPLIST_KEY_UILaunchScreen_Generation = YES;
				INFOPLIST_KEY_UISupportedInterfaceOrientations_iPad = "UIInterfaceOrientationPortrait UIInterfaceOrientationPortraitUpsideDown UIInterfaceOrientationLandscapeLeft UIInterfaceOrientationLandscapeRight";
				INFOPLIST_KEY_UISupportedInterfaceOrientations_iPhone = "UIInterfaceOrientationPortrait UIInterfaceOrientationLandscapeLeft UIInterfaceOrientationLandscapeRight";
				LD_RUNPATH_SEARCH_PATHS = (
					"$(inherited)",
					"@executable_path/Frameworks",
				);
				MARKETING_VERSION = 1.0;
				PRODUCT_BUNDLE_IDENTIFIER = com.example.WidgetsExample;
				PRODUCT_NAME = "$(TARGET_NAME)";
				SWIFT_EMIT_LOC_STRINGS = YES;
				SWIFT_OPTIMIZATION_LEVEL = "-Onone";
				SWIFT_VERSION = 5.0;
				TARGETED_DEVICE_FAMILY = "1,2";
			};
			name = Debug;
		};
		D97565A92A498B8800B69F76 /* Release */ = {
			isa = XCBuildConfiguration;
			buildSettings = {
				ALWAYS_EMBED_SWIFT_STANDARD_LIBRARIES = YES;
				ASSETCATALOG_COMPILER_APPICON_NAME = AppIcon;
				ASSETCATALOG_COMPILER_GLOBAL_ACCENT_COLOR_NAME = AccentColor;
				CLANG_ENABLE_MODULES = YES;
				CODE_SIGN_STYLE = Automatic;
				CURRENT_PROJECT_VERSION = 1;
				DEVELOPMENT_ASSET_PATHS = "\"WidgetsExample/Preview Content\"";
				ENABLE_PREVIEWS = YES;
				GENERATE_INFOPLIST_FILE = YES;
				INFOPLIST_KEY_UIApplicationSceneManifest_Generation = YES;
				INFOPLIST_KEY_UIApplicationSupportsIndirectInputEvents = YES;
				INFOPLIST_KEY_UILaunchScreen_Generation = YES;
				INFOPLIST_KEY_UISupportedInterfaceOrientations_iPad = "UIInterfaceOrientationPortrait UIInterfaceOrientationPortraitUpsideDown UIInterfaceOrientationLandscapeLeft UIInterfaceOrientationLandscapeRight";
				INFOPLIST_KEY_UISupportedInterfaceOrientations_iPhone = "UIInterfaceOrientationPortrait UIInterfaceOrientationLandscapeLeft UIInterfaceOrientationLandscapeRight";
				LD_RUNPATH_SEARCH_PATHS = (
					"$(inherited)",
					"@executable_path/Frameworks",
				);
				MARKETING_VERSION = 1.0;
				PRODUCT_BUNDLE_IDENTIFIER = com.example.WidgetsExample;
				PRODUCT_NAME = "$(TARGET_NAME)";
				SWIFT_EMIT_LOC_STRINGS = YES;
				SWIFT_VERSION = 5.0;
				TARGETED_DEVICE_FAMILY = "1,2";
			};
			name = Release;
		};
		D99FD15A2A498D4D00C72A3D /* Debug */ = {
			isa = XCBuildConfiguration;
			buildSettings = {
				ASSETCATALOG_COMPILER_GLOBAL_ACCENT_COLOR_NAME = AccentColor;
				ASSETCATALOG_COMPILER_WIDGET_BACKGROUND_COLOR_NAME = WidgetBackground;
				CODE_SIGN_STYLE = Automatic;
				CURRENT_PROJECT_VERSION = 1;
				GENERATE_INFOPLIST_FILE = YES;
				INFOPLIST_FILE = WidgetsExtension/Info.plist;
				INFOPLIST_KEY_CFBundleDisplayName = WidgetsExtension;
				INFOPLIST_KEY_NSHumanReadableCopyright = "";
				LD_RUNPATH_SEARCH_PATHS = (
					"$(inherited)",
					"@executable_path/Frameworks",
					"@executable_path/../../Frameworks",
				);
				MARKETING_VERSION = 1.0;
				PRODUCT_BUNDLE_IDENTIFIER = com.example.WidgetsExample.WidgetsExtension;
				PRODUCT_NAME = "$(TARGET_NAME)";
				SKIP_INSTALL = YES;
				SWIFT_EMIT_LOC_STRINGS = YES;
				SWIFT_VERSION = 5.0;
				TARGETED_DEVICE_FAMILY = "1,2";
			};
			name = Debug;
		};
		D99FD15B2A498D4D00C72A3D /* Release */ = {
			isa = XCBuildConfiguration;
			buildSettings = {
				ASSETCATALOG_COMPILER_GLOBAL_ACCENT_COLOR_NAME = AccentColor;
				ASSETCATALOG_COMPILER_WIDGET_BACKGROUND_COLOR_NAME = WidgetBackground;
				CODE_SIGN_STYLE = Automatic;
				CURRENT_PROJECT_VERSION = 1;
				GENERATE_INFOPLIST_FILE = YES;
				INFOPLIST_FILE = WidgetsExtension/Info.plist;
				INFOPLIST_KEY_CFBundleDisplayName = WidgetsExtension;
				INFOPLIST_KEY_NSHumanReadableCopyright = "";
				LD_RUNPATH_SEARCH_PATHS = (
					"$(inherited)",
					"@executable_path/Frameworks",
					"@executable_path/../../Frameworks",
				);
				MARKETING_VERSION = 1.0;
				PRODUCT_BUNDLE_IDENTIFIER = com.example.WidgetsExample.WidgetsExtension;
				PRODUCT_NAME = "$(TARGET_NAME)";
				SKIP_INSTALL = YES;
				SWIFT_EMIT_LOC_STRINGS = YES;
				SWIFT_VERSION = 5.0;
				TARGETED_DEVICE_FAMILY = "1,2";
			};
			name = Release;
		};
/* End XCBuildConfiguration section */

/* Begin XCConfigurationList section */
		D97565942A498B8700B69F76 /* Build configuration list for PBXProject "WidgetsExample" */ = {
			isa = XCConfigurationList;
			buildConfigurations = (
				D97565A52A498B8800B69F76 /* Debug */,
				D97565A62A498B8800B69F76 /* Release */,
			);
			defaultConfigurationIsVisible = 0;
			defaultConfigurationName = Release;
		};
		D97565A72A498B8800B69F76 /* Build configuration list for PBXNativeTarget "WidgetsExample" */ = {
			isa = XCConfigurationList;
			buildConfigurations = (
				D97565A82A498B8800B69F76 /* Debug */,
				D97565A92A498B8800B69F76 /* Release */,
			);
			defaultConfigurationIsVisible = 0;
			defaultConfigurationName = Release;
		};
		D99FD1592A498D4D00C72A3D /* Build configuration list for PBXNativeTarget "WidgetsExtensionExtension" */ = {
			isa = XCConfigurationList;
			buildConfigurations = (
				D99FD15A2A498D4D00C72A3D /* Debug */,
				D99FD15B2A498D4D00C72A3D /* Release */,
			);
			defaultConfigurationIsVisible = 0;
			defaultConfigurationName = Release;
		};
/* End XCConfigurationList section */
	};
	rootObject = D97565912A498B8700B69F76 /* Project object */;
}
